
Microsoft Visual Studio Solution File, Format Version 12.00
# Visual Studio Version 16
VisualStudioVersion = 16.0.33927.289
MinimumVisualStudioVersion = 10.0.40219.1
Project("{F184B08F-C81C-45F6-A57F-5ABD9991F28F}") = "Orange_Egypt_WS", "Orange_Egypt_WS\Orange_Egypt_WS.vbproj", "{05CB6CCF-51B9-411F-B3BB-E608BB2EFC40}"
EndProject
Global
	GlobalSection(SolutionConfigurationPlatforms) = preSolution
		Debug|Any CPU = Debug|Any CPU
		Release|Any CPU = Release|Any CPU
	EndGlobalSection
	GlobalSection(ProjectConfigurationPlatforms) = postSolution
		{05CB6CCF-51B9-411F-B3BB-E608BB2EFC40}.Debug|Any CPU.ActiveCfg = Debug|Any CPU
		{05CB6CCF-51B9-411F-B3BB-E608BB2EFC40}.Debug|Any CPU.Build.0 = Debug|Any CPU
		{05CB6CCF-51B9-411F-B3BB-E608BB2EFC40}.Release|Any CPU.ActiveCfg = Release|Any CPU
		{05CB6CCF-51B9-411F-B3BB-E608BB2EFC40}.Release|Any CPU.Build.0 = Release|Any CPU
	EndGlobalSection
	GlobalSection(SolutionProperties) = preSolution
		HideSolutionNode = FALSE
	EndGlobalSection
	GlobalSection(ExtensibilityGlobals) = postSolution
		SolutionGuid = {C9D44BD7-A330-45AA-B6FA-50DB698BB0F6}
	EndGlobalSection
EndGlobal
